
Microsoft Visual Studio Solution File, Format Version 12.00
# Visual Studio 15
VisualStudioVersion = 15.0.28307.572
MinimumVisualStudioVersion = 10.0.40219.1
Project("{9A19103F-16F7-4668-BE54-9A1E7A4F7556}") = "MachineLearning", "MachineLearning\MachineLearning.csproj", "{9D26492A-10C4-4B5E-BFAB-F5A2F11E35F0}"
EndProject
Project("{9A19103F-16F7-4668-BE54-9A1E7A4F7556}") = "MachineLearning.Tests", "MachineLearning.Tests\MachineLearning.Tests.csproj", "{79375AD0-CBA7-4486-8E73-A5FCFFA566B7}"
EndProject
Project("{9A19103F-16F7-4668-BE54-9A1E7A4F7556}") = "DotNetCore", "..\DotNetCore\DotNetCore.csproj", "{A784CE0C-B21C-454B-AA8C-39311A116ABF}"
EndProject
Global
	GlobalSection(SolutionConfigurationPlatforms) = preSolution
		Debug|Any CPU = Debug|Any CPU
		Release|Any CPU = Release|Any CPU
	EndGlobalSection
	GlobalSection(ProjectConfigurationPlatforms) = postSolution
		{9D26492A-10C4-4B5E-BFAB-F5A2F11E35F0}.Debug|Any CPU.ActiveCfg = Debug|Any CPU
		{9D26492A-10C4-4B5E-BFAB-F5A2F11E35F0}.Debug|Any CPU.Build.0 = Debug|Any CPU
		{9D26492A-10C4-4B5E-BFAB-F5A2F11E35F0}.Release|Any CPU.ActiveCfg = Release|Any CPU
		{9D26492A-10C4-4B5E-BFAB-F5A2F11E35F0}.Release|Any CPU.Build.0 = Release|Any CPU
		{79375AD0-CBA7-4486-8E73-A5FCFFA566B7}.Debug|Any CPU.ActiveCfg = Debug|Any CPU
		{79375AD0-CBA7-4486-8E73-A5FCFFA566B7}.Debug|Any CPU.Build.0 = Debug|Any CPU
		{79375AD0-CBA7-4486-8E73-A5FCFFA566B7}.Release|Any CPU.ActiveCfg = Release|Any CPU
		{79375AD0-CBA7-4486-8E73-A5FCFFA566B7}.Release|Any CPU.Build.0 = Release|Any CPU
		{A784CE0C-B21C-454B-AA8C-39311A116ABF}.Debug|Any CPU.ActiveCfg = Debug|Any CPU
		{A784CE0C-B21C-454B-AA8C-39311A116ABF}.Debug|Any CPU.Build.0 = Debug|Any CPU
		{A784CE0C-B21C-454B-AA8C-39311A116ABF}.Release|Any CPU.ActiveCfg = Release|Any CPU
		{A784CE0C-B21C-454B-AA8C-39311A116ABF}.Release|Any CPU.Build.0 = Release|Any CPU
	EndGlobalSection
	GlobalSection(SolutionProperties) = preSolution
		HideSolutionNode = FALSE
	EndGlobalSection
	GlobalSection(ExtensibilityGlobals) = postSolution
		SolutionGuid = {8B3A29ED-A2F5-4F4A-9DDB-CDA3848D13B9}
	EndGlobalSection
EndGlobal
